
Microsoft Visual Studio Solution File, Format Version 10.00
# Visual Studio 2008
Project("{F2A71F9B-5D33-465A-A702-920D77279786}") = "TickSpec", "TickSpec\TickSpec.fsproj", "{97BF4912-2B4E-410B-9B63-5E07076514A9}"
EndProject
Project("{2150E333-8FDC-42A3-9474-1A3956D46DE8}") = "Examples", "Examples", "{CD7A2701-42ED-47BD-8724-1E130B5C5071}"
EndProject
Project("{F2A71F9B-5D33-465A-A702-920D77279786}") = "FSharp", "Examples\FSharp\FSharp.fsproj", "{9A6D191D-73B3-48D9-A0C1-51581E8894A8}"
EndProject
Project("{FAE04EC0-301F-11D3-BF4B-00C04F79EFBC}") = "CSharp", "Examples\CSharp\CSharp.csproj", "{FBB69434-1AC8-46B9-8533-81F09B69B134}"
EndProject
Project("{F2A71F9B-5D33-465A-A702-920D77279786}") = "FSharpXunit", "Examples\FSharpXunit\FSharpXunit.fsproj", "{13FD816B-6204-456D-BD19-BDD3EFF2E7DF}"
EndProject
Project("{F2A71F9B-5D33-465A-A702-920D77279786}") = "TicTacToe", "Examples\TicTacToe\TicTacToe.fsproj", "{3D58E3C3-1A7C-426D-BC9F-555735EA622E}"
EndProject
Project("{F2A71F9B-5D33-465A-A702-920D77279786}") = "FSharpNUnit", "Examples\FSharpNUnit\FSharpNUnit.fsproj", "{5DFF73BD-8C5D-4EE2-B5DD-2D244EC06A61}"
EndProject
Project("{F2A71F9B-5D33-465A-A702-920D77279786}") = "FSharpMbUnit", "Examples\FSharpMbUnit\FSharpMbUnit.fsproj", "{685FFC31-EC8E-4C0C-AA20-B7151A9C1CDE}"
EndProject
Global
	GlobalSection(SolutionConfigurationPlatforms) = preSolution
		Debug|Any CPU = Debug|Any CPU
		Release|Any CPU = Release|Any CPU
	EndGlobalSection
	GlobalSection(ProjectConfigurationPlatforms) = postSolution
		{97BF4912-2B4E-410B-9B63-5E07076514A9}.Debug|Any CPU.ActiveCfg = Debug|Any CPU
		{97BF4912-2B4E-410B-9B63-5E07076514A9}.Debug|Any CPU.Build.0 = Debug|Any CPU
		{97BF4912-2B4E-410B-9B63-5E07076514A9}.Release|Any CPU.ActiveCfg = Release|Any CPU
		{97BF4912-2B4E-410B-9B63-5E07076514A9}.Release|Any CPU.Build.0 = Release|Any CPU
		{9A6D191D-73B3-48D9-A0C1-51581E8894A8}.Debug|Any CPU.ActiveCfg = Debug|Any CPU
		{9A6D191D-73B3-48D9-A0C1-51581E8894A8}.Debug|Any CPU.Build.0 = Debug|Any CPU
		{9A6D191D-73B3-48D9-A0C1-51581E8894A8}.Release|Any CPU.ActiveCfg = Release|Any CPU
		{9A6D191D-73B3-48D9-A0C1-51581E8894A8}.Release|Any CPU.Build.0 = Release|Any CPU
		{FBB69434-1AC8-46B9-8533-81F09B69B134}.Debug|Any CPU.ActiveCfg = Debug|Any CPU
		{FBB69434-1AC8-46B9-8533-81F09B69B134}.Debug|Any CPU.Build.0 = Debug|Any CPU
		{FBB69434-1AC8-46B9-8533-81F09B69B134}.Release|Any CPU.ActiveCfg = Release|Any CPU
		{FBB69434-1AC8-46B9-8533-81F09B69B134}.Release|Any CPU.Build.0 = Release|Any CPU
		{13FD816B-6204-456D-BD19-BDD3EFF2E7DF}.Debug|Any CPU.ActiveCfg = Debug|Any CPU
		{13FD816B-6204-456D-BD19-BDD3EFF2E7DF}.Debug|Any CPU.Build.0 = Debug|Any CPU
		{13FD816B-6204-456D-BD19-BDD3EFF2E7DF}.Release|Any CPU.ActiveCfg = Release|Any CPU
		{13FD816B-6204-456D-BD19-BDD3EFF2E7DF}.Release|Any CPU.Build.0 = Release|Any CPU
		{3D58E3C3-1A7C-426D-BC9F-555735EA622E}.Debug|Any CPU.ActiveCfg = Debug|Any CPU
		{3D58E3C3-1A7C-426D-BC9F-555735EA622E}.Debug|Any CPU.Build.0 = Debug|Any CPU
		{3D58E3C3-1A7C-426D-BC9F-555735EA622E}.Release|Any CPU.ActiveCfg = Release|Any CPU
		{3D58E3C3-1A7C-426D-BC9F-555735EA622E}.Release|Any CPU.Build.0 = Release|Any CPU
		{5DFF73BD-8C5D-4EE2-B5DD-2D244EC06A61}.Debug|Any CPU.ActiveCfg = Debug|Any CPU
		{5DFF73BD-8C5D-4EE2-B5DD-2D244EC06A61}.Debug|Any CPU.Build.0 = Debug|Any CPU
		{5DFF73BD-8C5D-4EE2-B5DD-2D244EC06A61}.Release|Any CPU.ActiveCfg = Release|Any CPU
		{5DFF73BD-8C5D-4EE2-B5DD-2D244EC06A61}.Release|Any CPU.Build.0 = Release|Any CPU
		{685FFC31-EC8E-4C0C-AA20-B7151A9C1CDE}.Debug|Any CPU.ActiveCfg = Debug|Any CPU
		{685FFC31-EC8E-4C0C-AA20-B7151A9C1CDE}.Debug|Any CPU.Build.0 = Debug|Any CPU
		{685FFC31-EC8E-4C0C-AA20-B7151A9C1CDE}.Release|Any CPU.ActiveCfg = Release|Any CPU
		{685FFC31-EC8E-4C0C-AA20-B7151A9C1CDE}.Release|Any CPU.Build.0 = Release|Any CPU
	EndGlobalSection
	GlobalSection(SolutionProperties) = preSolution
		HideSolutionNode = FALSE
	EndGlobalSection
	GlobalSection(NestedProjects) = preSolution
		{9A6D191D-73B3-48D9-A0C1-51581E8894A8} = {CD7A2701-42ED-47BD-8724-1E130B5C5071}
		{FBB69434-1AC8-46B9-8533-81F09B69B134} = {CD7A2701-42ED-47BD-8724-1E130B5C5071}
		{13FD816B-6204-456D-BD19-BDD3EFF2E7DF} = {CD7A2701-42ED-47BD-8724-1E130B5C5071}
		{3D58E3C3-1A7C-426D-BC9F-555735EA622E} = {CD7A2701-42ED-47BD-8724-1E130B5C5071}
		{5DFF73BD-8C5D-4EE2-B5DD-2D244EC06A61} = {CD7A2701-42ED-47BD-8724-1E130B5C5071}
		{685FFC31-EC8E-4C0C-AA20-B7151A9C1CDE} = {CD7A2701-42ED-47BD-8724-1E130B5C5071}
	EndGlobalSection
EndGlobal
