
Microsoft Visual Studio Solution File, Format Version 12.00
# Visual Studio 14
VisualStudioVersion = 14.0.25420.1
MinimumVisualStudioVersion = 10.0.40219.1
Project("{2150E333-8FDC-42A3-9474-1A3956D46DE8}") = ".paket", ".paket", "{651190A2-5671-4672-9F28-DCEC4CCA5D66}"
	ProjectSection(SolutionItems) = preProject
		paket.dependencies = paket.dependencies
		paket.lock = paket.lock
	EndProjectSection
EndProject
Project("{2150E333-8FDC-42A3-9474-1A3956D46DE8}") = "Examples", "Examples", "{CD7A2701-42ED-47BD-8724-1E130B5C5071}"
EndProject
Project("{2150E333-8FDC-42A3-9474-1A3956D46DE8}") = "ByFramework", "ByFramework", "{1D43105D-361B-4D27-8069-FBE067C8C114}"
EndProject
Project("{2150E333-8FDC-42A3-9474-1A3956D46DE8}") = "ByStyle", "ByStyle", "{66BBEAD2-B2E3-4B99-960D-94C63C303E05}"
EndProject
Project("{2150E333-8FDC-42A3-9474-1A3956D46DE8}") = "NUnit", "NUnit", "{D10982AB-60A0-4E16-8895-A3DDDB32DFFF}"
EndProject
Project("{2150E333-8FDC-42A3-9474-1A3956D46DE8}") = "xUnit", "xUnit", "{5629AA55-642D-4956-9D16-ABCF50A97DAB}"
EndProject
Project("{2150E333-8FDC-42A3-9474-1A3956D46DE8}") = "CommandLine", "CommandLine", "{1D8B673E-E57C-4B16-979B-22FB8EF5ED36}"
EndProject
Project("{F2A71F9B-5D33-465A-A702-920D77279786}") = "TickSpec", "TickSpec\TickSpec.fsproj", "{97BF4912-2B4E-410B-9B63-5E07076514A9}"
EndProject
Project("{FAE04EC0-301F-11D3-BF4B-00C04F79EFBC}") = "CSharp", "Examples\ByFramework\CommandLine\CSharp\CSharp.csproj", "{FBB69434-1AC8-46B9-8533-81F09B69B134}"
EndProject
Project("{F2A71F9B-5D33-465A-A702-920D77279786}") = "FSharp", "Examples\ByFramework\CommandLine\FSharp\FSharp.fsproj", "{9A6D191D-73B3-48D9-A0C1-51581E8894A8}"
EndProject
Project("{F2A71F9B-5D33-465A-A702-920D77279786}") = "TicTacToe", "Examples\ByFramework\CommandLine\TicTacToe\TicTacToe.fsproj", "{3D58E3C3-1A7C-426D-BC9F-555735EA622E}"
EndProject
Project("{FAE04EC0-301F-11D3-BF4B-00C04F79EFBC}") = "CSharp.NUnit", "Examples\ByFramework\NUnit\CSharp.NUnit\CSharp.NUnit.csproj", "{B224A186-190C-43D8-B83C-3E2F0FD7BE39}"
EndProject
Project("{F2A71F9B-5D33-465A-A702-920D77279786}") = "FSharp.NUnit", "Examples\ByFramework\NUnit\FSharp.NUnit\FSharp.NUnit.fsproj", "{5DFF73BD-8C5D-4EE2-B5DD-2D244EC06A61}"
EndProject
Project("{F2A71F9B-5D33-465A-A702-920D77279786}") = "FSharpXunit", "Examples\ByFramework\xUnit\FSharp.xUnit\FSharpXunit.fsproj", "{13FD816B-6204-456D-BD19-BDD3EFF2E7DF}"
EndProject
Project("{F2A71F9B-5D33-465A-A702-920D77279786}") = "Interactive", "Examples\ByStyle\Interactive\Interactive.fsproj", "{BA6F3A69-34F3-4D85-8804-DD354F8E17FA}"
EndProject
Project("{F2A71F9B-5D33-465A-A702-920D77279786}") = "Attributes", "Examples\ByStyle\Attributes\Attributes.fsproj", "{B3AA7D1B-E83A-4C9B-97CF-12293AF46E10}"
EndProject
Project("{F2A71F9B-5D33-465A-A702-920D77279786}") = "Functional", "Examples\ByStyle\Functional\Functional.fsproj", "{1D2CA398-6F02-41B1-BAA5-E63DC15508A4}"
EndProject
Project("{2150E333-8FDC-42A3-9474-1A3956D46DE8}") = "._", "._", "{51B6BE98-A176-4315-83F5-54800BC03EB4}"
	ProjectSection(SolutionItems) = preProject
		build.bat = build.bat
		README.md = README.md
	EndProjectSection
EndProject
Project("{F2A71F9B-5D33-465A-A702-920D77279786}") = "FSharp.Xunit2", "Examples\ByFramework\xUnit\FSharp.xUnit2\FSharp.Xunit2.fsproj", "{1207F9C8-3B84-4939-B6E2-DB96D06B73E2}"
EndProject
Project("{2150E333-8FDC-42A3-9474-1A3956D46DE8}") = "ByFeatures", "ByFeatures", "{EB1F6262-0913-4464-A034-4F4D01268E83}"
EndProject
Project("{F2A71F9B-5D33-465A-A702-920D77279786}") = "DependencyInjection", "Examples\ByFeatures\DependencyInjection\DependencyInjection.fsproj", "{67AD3F89-5B90-45AE-82F1-FE41347A833A}"
EndProject
Global
	GlobalSection(SolutionConfigurationPlatforms) = preSolution
		Debug|Any CPU = Debug|Any CPU
		Release|Any CPU = Release|Any CPU
	EndGlobalSection
	GlobalSection(ProjectConfigurationPlatforms) = postSolution
		{97BF4912-2B4E-410B-9B63-5E07076514A9}.Debug|Any CPU.ActiveCfg = Debug|Any CPU
		{97BF4912-2B4E-410B-9B63-5E07076514A9}.Debug|Any CPU.Build.0 = Debug|Any CPU
		{97BF4912-2B4E-410B-9B63-5E07076514A9}.Release|Any CPU.ActiveCfg = Release|Any CPU
		{97BF4912-2B4E-410B-9B63-5E07076514A9}.Release|Any CPU.Build.0 = Release|Any CPU
		{FBB69434-1AC8-46B9-8533-81F09B69B134}.Debug|Any CPU.ActiveCfg = Debug|Any CPU
		{FBB69434-1AC8-46B9-8533-81F09B69B134}.Debug|Any CPU.Build.0 = Debug|Any CPU
		{FBB69434-1AC8-46B9-8533-81F09B69B134}.Release|Any CPU.ActiveCfg = Release|Any CPU
		{FBB69434-1AC8-46B9-8533-81F09B69B134}.Release|Any CPU.Build.0 = Release|Any CPU
		{9A6D191D-73B3-48D9-A0C1-51581E8894A8}.Debug|Any CPU.ActiveCfg = Debug|Any CPU
		{9A6D191D-73B3-48D9-A0C1-51581E8894A8}.Debug|Any CPU.Build.0 = Debug|Any CPU
		{9A6D191D-73B3-48D9-A0C1-51581E8894A8}.Release|Any CPU.ActiveCfg = Release|Any CPU
		{9A6D191D-73B3-48D9-A0C1-51581E8894A8}.Release|Any CPU.Build.0 = Release|Any CPU
		{3D58E3C3-1A7C-426D-BC9F-555735EA622E}.Debug|Any CPU.ActiveCfg = Debug|Any CPU
		{3D58E3C3-1A7C-426D-BC9F-555735EA622E}.Debug|Any CPU.Build.0 = Debug|Any CPU
		{3D58E3C3-1A7C-426D-BC9F-555735EA622E}.Release|Any CPU.ActiveCfg = Release|Any CPU
		{3D58E3C3-1A7C-426D-BC9F-555735EA622E}.Release|Any CPU.Build.0 = Release|Any CPU
		{B224A186-190C-43D8-B83C-3E2F0FD7BE39}.Debug|Any CPU.ActiveCfg = Debug|Any CPU
		{B224A186-190C-43D8-B83C-3E2F0FD7BE39}.Debug|Any CPU.Build.0 = Debug|Any CPU
		{B224A186-190C-43D8-B83C-3E2F0FD7BE39}.Release|Any CPU.ActiveCfg = Release|Any CPU
		{B224A186-190C-43D8-B83C-3E2F0FD7BE39}.Release|Any CPU.Build.0 = Release|Any CPU
		{5DFF73BD-8C5D-4EE2-B5DD-2D244EC06A61}.Debug|Any CPU.ActiveCfg = Debug|Any CPU
		{5DFF73BD-8C5D-4EE2-B5DD-2D244EC06A61}.Debug|Any CPU.Build.0 = Debug|Any CPU
		{5DFF73BD-8C5D-4EE2-B5DD-2D244EC06A61}.Release|Any CPU.ActiveCfg = Release|Any CPU
		{5DFF73BD-8C5D-4EE2-B5DD-2D244EC06A61}.Release|Any CPU.Build.0 = Release|Any CPU
		{13FD816B-6204-456D-BD19-BDD3EFF2E7DF}.Debug|Any CPU.ActiveCfg = Debug|Any CPU
		{13FD816B-6204-456D-BD19-BDD3EFF2E7DF}.Debug|Any CPU.Build.0 = Debug|Any CPU
		{13FD816B-6204-456D-BD19-BDD3EFF2E7DF}.Release|Any CPU.ActiveCfg = Release|Any CPU
		{13FD816B-6204-456D-BD19-BDD3EFF2E7DF}.Release|Any CPU.Build.0 = Release|Any CPU
		{BA6F3A69-34F3-4D85-8804-DD354F8E17FA}.Debug|Any CPU.ActiveCfg = Debug|Any CPU
		{BA6F3A69-34F3-4D85-8804-DD354F8E17FA}.Debug|Any CPU.Build.0 = Debug|Any CPU
		{BA6F3A69-34F3-4D85-8804-DD354F8E17FA}.Release|Any CPU.ActiveCfg = Release|Any CPU
		{BA6F3A69-34F3-4D85-8804-DD354F8E17FA}.Release|Any CPU.Build.0 = Release|Any CPU
		{B3AA7D1B-E83A-4C9B-97CF-12293AF46E10}.Debug|Any CPU.ActiveCfg = Debug|Any CPU
		{B3AA7D1B-E83A-4C9B-97CF-12293AF46E10}.Debug|Any CPU.Build.0 = Debug|Any CPU
		{B3AA7D1B-E83A-4C9B-97CF-12293AF46E10}.Release|Any CPU.ActiveCfg = Release|Any CPU
		{B3AA7D1B-E83A-4C9B-97CF-12293AF46E10}.Release|Any CPU.Build.0 = Release|Any CPU
		{1D2CA398-6F02-41B1-BAA5-E63DC15508A4}.Debug|Any CPU.ActiveCfg = Debug|Any CPU
		{1D2CA398-6F02-41B1-BAA5-E63DC15508A4}.Debug|Any CPU.Build.0 = Debug|Any CPU
		{1D2CA398-6F02-41B1-BAA5-E63DC15508A4}.Release|Any CPU.ActiveCfg = Release|Any CPU
		{1D2CA398-6F02-41B1-BAA5-E63DC15508A4}.Release|Any CPU.Build.0 = Release|Any CPU
		{1207F9C8-3B84-4939-B6E2-DB96D06B73E2}.Debug|Any CPU.ActiveCfg = Debug|Any CPU
		{1207F9C8-3B84-4939-B6E2-DB96D06B73E2}.Debug|Any CPU.Build.0 = Debug|Any CPU
		{1207F9C8-3B84-4939-B6E2-DB96D06B73E2}.Release|Any CPU.ActiveCfg = Release|Any CPU
		{1207F9C8-3B84-4939-B6E2-DB96D06B73E2}.Release|Any CPU.Build.0 = Release|Any CPU
		{67AD3F89-5B90-45AE-82F1-FE41347A833A}.Debug|Any CPU.ActiveCfg = Debug|Any CPU
		{67AD3F89-5B90-45AE-82F1-FE41347A833A}.Debug|Any CPU.Build.0 = Debug|Any CPU
		{67AD3F89-5B90-45AE-82F1-FE41347A833A}.Release|Any CPU.ActiveCfg = Release|Any CPU
		{67AD3F89-5B90-45AE-82F1-FE41347A833A}.Release|Any CPU.Build.0 = Release|Any CPU
	EndGlobalSection
	GlobalSection(SolutionProperties) = preSolution
		HideSolutionNode = FALSE
	EndGlobalSection
	GlobalSection(NestedProjects) = preSolution
		{1D43105D-361B-4D27-8069-FBE067C8C114} = {CD7A2701-42ED-47BD-8724-1E130B5C5071}
		{66BBEAD2-B2E3-4B99-960D-94C63C303E05} = {CD7A2701-42ED-47BD-8724-1E130B5C5071}
		{D10982AB-60A0-4E16-8895-A3DDDB32DFFF} = {1D43105D-361B-4D27-8069-FBE067C8C114}
		{5629AA55-642D-4956-9D16-ABCF50A97DAB} = {1D43105D-361B-4D27-8069-FBE067C8C114}
		{1D8B673E-E57C-4B16-979B-22FB8EF5ED36} = {1D43105D-361B-4D27-8069-FBE067C8C114}
		{FBB69434-1AC8-46B9-8533-81F09B69B134} = {1D8B673E-E57C-4B16-979B-22FB8EF5ED36}
		{9A6D191D-73B3-48D9-A0C1-51581E8894A8} = {1D8B673E-E57C-4B16-979B-22FB8EF5ED36}
		{3D58E3C3-1A7C-426D-BC9F-555735EA622E} = {1D8B673E-E57C-4B16-979B-22FB8EF5ED36}
		{B224A186-190C-43D8-B83C-3E2F0FD7BE39} = {D10982AB-60A0-4E16-8895-A3DDDB32DFFF}
		{5DFF73BD-8C5D-4EE2-B5DD-2D244EC06A61} = {D10982AB-60A0-4E16-8895-A3DDDB32DFFF}
		{13FD816B-6204-456D-BD19-BDD3EFF2E7DF} = {5629AA55-642D-4956-9D16-ABCF50A97DAB}
		{BA6F3A69-34F3-4D85-8804-DD354F8E17FA} = {66BBEAD2-B2E3-4B99-960D-94C63C303E05}
		{B3AA7D1B-E83A-4C9B-97CF-12293AF46E10} = {66BBEAD2-B2E3-4B99-960D-94C63C303E05}
		{1D2CA398-6F02-41B1-BAA5-E63DC15508A4} = {66BBEAD2-B2E3-4B99-960D-94C63C303E05}
		{1207F9C8-3B84-4939-B6E2-DB96D06B73E2} = {5629AA55-642D-4956-9D16-ABCF50A97DAB}
		{EB1F6262-0913-4464-A034-4F4D01268E83} = {CD7A2701-42ED-47BD-8724-1E130B5C5071}
		{67AD3F89-5B90-45AE-82F1-FE41347A833A} = {EB1F6262-0913-4464-A034-4F4D01268E83}
	EndGlobalSection
EndGlobal
