
Microsoft Visual Studio Solution File, Format Version 11.00
# Visual Studio 2010
Project("{2150E333-8FDC-42A3-9474-1A3956D46DE8}") = "Examples", "Examples", "{CD7A2701-42ED-47BD-8724-1E130B5C5071}"
EndProject
Project("{F2A71F9B-5D33-465A-A702-920D77279786}") = "TickSpec.VS2010", "TickSpec\TickSpec.VS2010.fsproj", "{97BF4912-2B4E-410B-9B63-5E07076514A9}"
EndProject
Project("{FAE04EC0-301F-11D3-BF4B-00C04F79EFBC}") = "CSharp", "Examples\CSharp\CSharp.VS2010.csproj", "{FBB69434-1AC8-46B9-8533-81F09B69B134}"
EndProject
Project("{2150E333-8FDC-42A3-9474-1A3956D46DE8}") = "ByFramework", "ByFramework", "{878B311E-D48B-4018-BA3D-B822D60D53CC}"
EndProject
Project("{2150E333-8FDC-42A3-9474-1A3956D46DE8}") = "ByStyle", "ByStyle", "{177550DE-C101-4EE2-A4DF-63144BB60715}"
EndProject
Project("{2150E333-8FDC-42A3-9474-1A3956D46DE8}") = "CommandLine", "CommandLine", "{AD35AAE8-C87E-460A-8DF6-D6C0C8A6D985}"
EndProject
Project("{2150E333-8FDC-42A3-9474-1A3956D46DE8}") = "NUnit", "NUnit", "{11A81082-D780-42CB-B0F5-07D7C9BB60C5}"
EndProject
Project("{2150E333-8FDC-42A3-9474-1A3956D46DE8}") = "xUnit", "xUnit", "{33B8C487-633B-42E9-B5FC-CB922796CE95}"
EndProject
Project("{F2A71F9B-5D33-465A-A702-920D77279786}") = "TicTacToe.VS2010", "Examples\ByFramework\CommandLine\TicTacToe\TicTacToe.VS2010.fsproj", "{3D58E3C3-1A7C-426D-BC9F-555735EA622E}"
EndProject
Project("{F2A71F9B-5D33-465A-A702-920D77279786}") = "FSharp.VS2010", "Examples\ByFramework\CommandLine\FSharp\FSharp.VS2010.fsproj", "{9A6D191D-73B3-48D9-A0C1-51581E8894A8}"
EndProject
Project("{F2A71F9B-5D33-465A-A702-920D77279786}") = "FSharpNUnit.VS2010", "Examples\ByFramework\NUnit\FSharp.NUnit\FSharpNUnit.VS2010.fsproj", "{5DFF73BD-8C5D-4EE2-B5DD-2D244EC06A61}"
EndProject
Project("{F2A71F9B-5D33-465A-A702-920D77279786}") = "FSharpXunit.VS2010", "Examples\ByFramework\xUnit\FSharp.xUnit\FSharpXunit.VS2010.fsproj", "{13FD816B-6204-456D-BD19-BDD3EFF2E7DF}"
EndProject
Project("{F2A71F9B-5D33-465A-A702-920D77279786}") = "Functional.VS2010", "Examples\ByStyle\Functional\Functional.VS2010.fsproj", "{5C35465A-EA7A-45AE-9BD5-7C0AEA58470F}"
EndProject
Project("{F2A71F9B-5D33-465A-A702-920D77279786}") = "Interactive.VS2010", "Examples\ByStyle\Interactive\Interactive.VS2010.fsproj", "{BA6F3A69-34F3-4D85-8804-DD354F8E17FA}"
EndProject
Global
	GlobalSection(SolutionConfigurationPlatforms) = preSolution
		Debug|Any CPU = Debug|Any CPU
		Release|Any CPU = Release|Any CPU
	EndGlobalSection
	GlobalSection(ProjectConfigurationPlatforms) = postSolution
		{97BF4912-2B4E-410B-9B63-5E07076514A9}.Debug|Any CPU.ActiveCfg = Debug|Any CPU
		{97BF4912-2B4E-410B-9B63-5E07076514A9}.Debug|Any CPU.Build.0 = Debug|Any CPU
		{97BF4912-2B4E-410B-9B63-5E07076514A9}.Release|Any CPU.ActiveCfg = Release|Any CPU
		{97BF4912-2B4E-410B-9B63-5E07076514A9}.Release|Any CPU.Build.0 = Release|Any CPU
		{FBB69434-1AC8-46B9-8533-81F09B69B134}.Debug|Any CPU.ActiveCfg = Debug|Any CPU
		{FBB69434-1AC8-46B9-8533-81F09B69B134}.Debug|Any CPU.Build.0 = Debug|Any CPU
		{FBB69434-1AC8-46B9-8533-81F09B69B134}.Release|Any CPU.ActiveCfg = Release|Any CPU
		{FBB69434-1AC8-46B9-8533-81F09B69B134}.Release|Any CPU.Build.0 = Release|Any CPU
		{3D58E3C3-1A7C-426D-BC9F-555735EA622E}.Debug|Any CPU.ActiveCfg = Debug|Any CPU
		{3D58E3C3-1A7C-426D-BC9F-555735EA622E}.Debug|Any CPU.Build.0 = Debug|Any CPU
		{3D58E3C3-1A7C-426D-BC9F-555735EA622E}.Release|Any CPU.ActiveCfg = Release|Any CPU
		{3D58E3C3-1A7C-426D-BC9F-555735EA622E}.Release|Any CPU.Build.0 = Release|Any CPU
		{9A6D191D-73B3-48D9-A0C1-51581E8894A8}.Debug|Any CPU.ActiveCfg = Debug|Any CPU
		{9A6D191D-73B3-48D9-A0C1-51581E8894A8}.Debug|Any CPU.Build.0 = Debug|Any CPU
		{9A6D191D-73B3-48D9-A0C1-51581E8894A8}.Release|Any CPU.ActiveCfg = Release|Any CPU
		{9A6D191D-73B3-48D9-A0C1-51581E8894A8}.Release|Any CPU.Build.0 = Release|Any CPU
		{5DFF73BD-8C5D-4EE2-B5DD-2D244EC06A61}.Debug|Any CPU.ActiveCfg = Debug|Any CPU
		{5DFF73BD-8C5D-4EE2-B5DD-2D244EC06A61}.Debug|Any CPU.Build.0 = Debug|Any CPU
		{5DFF73BD-8C5D-4EE2-B5DD-2D244EC06A61}.Release|Any CPU.ActiveCfg = Release|Any CPU
		{5DFF73BD-8C5D-4EE2-B5DD-2D244EC06A61}.Release|Any CPU.Build.0 = Release|Any CPU
		{13FD816B-6204-456D-BD19-BDD3EFF2E7DF}.Debug|Any CPU.ActiveCfg = Debug|Any CPU
		{13FD816B-6204-456D-BD19-BDD3EFF2E7DF}.Debug|Any CPU.Build.0 = Debug|Any CPU
		{13FD816B-6204-456D-BD19-BDD3EFF2E7DF}.Release|Any CPU.ActiveCfg = Release|Any CPU
		{13FD816B-6204-456D-BD19-BDD3EFF2E7DF}.Release|Any CPU.Build.0 = Release|Any CPU
		{5C35465A-EA7A-45AE-9BD5-7C0AEA58470F}.Debug|Any CPU.ActiveCfg = Debug|Any CPU
		{5C35465A-EA7A-45AE-9BD5-7C0AEA58470F}.Debug|Any CPU.Build.0 = Debug|Any CPU
		{5C35465A-EA7A-45AE-9BD5-7C0AEA58470F}.Release|Any CPU.ActiveCfg = Release|Any CPU
		{5C35465A-EA7A-45AE-9BD5-7C0AEA58470F}.Release|Any CPU.Build.0 = Release|Any CPU
		{BA6F3A69-34F3-4D85-8804-DD354F8E17FA}.Debug|Any CPU.ActiveCfg = Debug|Any CPU
		{BA6F3A69-34F3-4D85-8804-DD354F8E17FA}.Debug|Any CPU.Build.0 = Debug|Any CPU
		{BA6F3A69-34F3-4D85-8804-DD354F8E17FA}.Release|Any CPU.ActiveCfg = Release|Any CPU
		{BA6F3A69-34F3-4D85-8804-DD354F8E17FA}.Release|Any CPU.Build.0 = Release|Any CPU
	EndGlobalSection
	GlobalSection(SolutionProperties) = preSolution
		HideSolutionNode = FALSE
	EndGlobalSection
	GlobalSection(NestedProjects) = preSolution
		{878B311E-D48B-4018-BA3D-B822D60D53CC} = {CD7A2701-42ED-47BD-8724-1E130B5C5071}
		{177550DE-C101-4EE2-A4DF-63144BB60715} = {CD7A2701-42ED-47BD-8724-1E130B5C5071}
		{AD35AAE8-C87E-460A-8DF6-D6C0C8A6D985} = {878B311E-D48B-4018-BA3D-B822D60D53CC}
		{11A81082-D780-42CB-B0F5-07D7C9BB60C5} = {878B311E-D48B-4018-BA3D-B822D60D53CC}
		{33B8C487-633B-42E9-B5FC-CB922796CE95} = {878B311E-D48B-4018-BA3D-B822D60D53CC}
		{5C35465A-EA7A-45AE-9BD5-7C0AEA58470F} = {177550DE-C101-4EE2-A4DF-63144BB60715}
		{BA6F3A69-34F3-4D85-8804-DD354F8E17FA} = {177550DE-C101-4EE2-A4DF-63144BB60715}
		{3D58E3C3-1A7C-426D-BC9F-555735EA622E} = {AD35AAE8-C87E-460A-8DF6-D6C0C8A6D985}
		{9A6D191D-73B3-48D9-A0C1-51581E8894A8} = {AD35AAE8-C87E-460A-8DF6-D6C0C8A6D985}
		{5DFF73BD-8C5D-4EE2-B5DD-2D244EC06A61} = {11A81082-D780-42CB-B0F5-07D7C9BB60C5}
		{13FD816B-6204-456D-BD19-BDD3EFF2E7DF} = {33B8C487-633B-42E9-B5FC-CB922796CE95}
	EndGlobalSection
EndGlobal
