
Microsoft Visual Studio Solution File, Format Version 11.00
# Visual Studio 2010
Project("{4925A630-B079-445d-BCD4-3A9C94FE9307}") = "TickSpec.Mono", "TickSpec\TickSpec.Mono.fsproj", "{0EC6ABD5-87B4-4251-B471-DAC2AEBB4128}"
EndProject
Project("{2150E333-8FDC-42A3-9474-1A3956D46DE8}") = "Examples", "Examples", "{C5113141-E76D-4B57-8911-48B109A45C0C}"
EndProject
Project("{FAE04EC0-301F-11D3-BF4B-00C04F79EFBC}") = "CSharp.Mono", "Examples\CSharp\CSharp.Mono.csproj", "{D07E735D-9E3D-44A4-ADA4-08C4CF1FE723}"
EndProject
Project("{4925A630-B079-445d-BCD4-3A9C94FE9307}") = "FSharp.Mono", "Examples\FSharp\FSharp.Mono.fsproj", "{FEE6D44B-6213-4B89-A5E5-5A4FA8BFE7E5}"
EndProject
Project("{4925A630-B079-445d-BCD4-3A9C94FE9307}") = "Interactive.Mono", "Examples\Interactive\Interactive.Mono.fsproj", "{F47B1827-4C40-4C24-8907-EC045701C78C}"
EndProject
Project("{4925A630-B079-445d-BCD4-3A9C94FE9307}") = "Functional.Mono", "Examples\Functional\Functional.Mono.fsproj", "{BBA65989-6686-444F-A3CC-2BFA82E4D5CC}"
EndProject
Global
	GlobalSection(SolutionConfigurationPlatforms) = preSolution
		Debug|Any CPU = Debug|Any CPU
		Release|Any CPU = Release|Any CPU
		Debug|x86 = Debug|x86
		Release|x86 = Release|x86
	EndGlobalSection
	GlobalSection(ProjectConfigurationPlatforms) = postSolution
		{0EC6ABD5-87B4-4251-B471-DAC2AEBB4128}.Debug|Any CPU.ActiveCfg = Debug|Any CPU
		{0EC6ABD5-87B4-4251-B471-DAC2AEBB4128}.Debug|Any CPU.Build.0 = Debug|Any CPU
		{0EC6ABD5-87B4-4251-B471-DAC2AEBB4128}.Release|Any CPU.ActiveCfg = Release|Any CPU
		{0EC6ABD5-87B4-4251-B471-DAC2AEBB4128}.Release|Any CPU.Build.0 = Release|Any CPU
		{BBA65989-6686-444F-A3CC-2BFA82E4D5CC}.Debug|Any CPU.ActiveCfg = Debug|x86
		{BBA65989-6686-444F-A3CC-2BFA82E4D5CC}.Debug|Any CPU.Build.0 = Debug|x86
		{BBA65989-6686-444F-A3CC-2BFA82E4D5CC}.Debug|x86.ActiveCfg = Debug|x86
		{BBA65989-6686-444F-A3CC-2BFA82E4D5CC}.Debug|x86.Build.0 = Debug|x86
		{BBA65989-6686-444F-A3CC-2BFA82E4D5CC}.Release|Any CPU.ActiveCfg = Release|x86
		{BBA65989-6686-444F-A3CC-2BFA82E4D5CC}.Release|Any CPU.Build.0 = Release|x86
		{BBA65989-6686-444F-A3CC-2BFA82E4D5CC}.Release|x86.ActiveCfg = Release|x86
		{BBA65989-6686-444F-A3CC-2BFA82E4D5CC}.Release|x86.Build.0 = Release|x86
		{D07E735D-9E3D-44A4-ADA4-08C4CF1FE723}.Debug|Any CPU.ActiveCfg = Debug|x86
		{D07E735D-9E3D-44A4-ADA4-08C4CF1FE723}.Debug|Any CPU.Build.0 = Debug|x86
		{D07E735D-9E3D-44A4-ADA4-08C4CF1FE723}.Debug|x86.ActiveCfg = Debug|x86
		{D07E735D-9E3D-44A4-ADA4-08C4CF1FE723}.Debug|x86.Build.0 = Debug|x86
		{D07E735D-9E3D-44A4-ADA4-08C4CF1FE723}.Release|Any CPU.ActiveCfg = Release|x86
		{D07E735D-9E3D-44A4-ADA4-08C4CF1FE723}.Release|Any CPU.Build.0 = Release|x86
		{D07E735D-9E3D-44A4-ADA4-08C4CF1FE723}.Release|x86.ActiveCfg = Release|x86
		{D07E735D-9E3D-44A4-ADA4-08C4CF1FE723}.Release|x86.Build.0 = Release|x86
		{F47B1827-4C40-4C24-8907-EC045701C78C}.Debug|Any CPU.ActiveCfg = Debug|x86
		{F47B1827-4C40-4C24-8907-EC045701C78C}.Debug|Any CPU.Build.0 = Debug|x86
		{F47B1827-4C40-4C24-8907-EC045701C78C}.Debug|x86.ActiveCfg = Debug|x86
		{F47B1827-4C40-4C24-8907-EC045701C78C}.Debug|x86.Build.0 = Debug|x86
		{F47B1827-4C40-4C24-8907-EC045701C78C}.Release|Any CPU.ActiveCfg = Release|x86
		{F47B1827-4C40-4C24-8907-EC045701C78C}.Release|Any CPU.Build.0 = Release|x86
		{F47B1827-4C40-4C24-8907-EC045701C78C}.Release|x86.ActiveCfg = Release|x86
		{F47B1827-4C40-4C24-8907-EC045701C78C}.Release|x86.Build.0 = Release|x86
		{FEE6D44B-6213-4B89-A5E5-5A4FA8BFE7E5}.Debug|Any CPU.ActiveCfg = Debug|x86
		{FEE6D44B-6213-4B89-A5E5-5A4FA8BFE7E5}.Debug|Any CPU.Build.0 = Debug|x86
		{FEE6D44B-6213-4B89-A5E5-5A4FA8BFE7E5}.Debug|x86.ActiveCfg = Debug|x86
		{FEE6D44B-6213-4B89-A5E5-5A4FA8BFE7E5}.Debug|x86.Build.0 = Debug|x86
		{FEE6D44B-6213-4B89-A5E5-5A4FA8BFE7E5}.Release|Any CPU.ActiveCfg = Release|x86
		{FEE6D44B-6213-4B89-A5E5-5A4FA8BFE7E5}.Release|Any CPU.Build.0 = Release|x86
		{FEE6D44B-6213-4B89-A5E5-5A4FA8BFE7E5}.Release|x86.ActiveCfg = Release|x86
		{FEE6D44B-6213-4B89-A5E5-5A4FA8BFE7E5}.Release|x86.Build.0 = Release|x86
	EndGlobalSection
	GlobalSection(NestedProjects) = preSolution
		{D07E735D-9E3D-44A4-ADA4-08C4CF1FE723} = {C5113141-E76D-4B57-8911-48B109A45C0C}
		{FEE6D44B-6213-4B89-A5E5-5A4FA8BFE7E5} = {C5113141-E76D-4B57-8911-48B109A45C0C}
		{F47B1827-4C40-4C24-8907-EC045701C78C} = {C5113141-E76D-4B57-8911-48B109A45C0C}
		{BBA65989-6686-444F-A3CC-2BFA82E4D5CC} = {C5113141-E76D-4B57-8911-48B109A45C0C}
	EndGlobalSection
	GlobalSection(MonoDevelopProperties) = preSolution
		StartupItem = Examples\Functional\Functional.Mono.fsproj
	EndGlobalSection
EndGlobal
